
Microsoft Visual Studio Solution File, Format Version 12.00
# Visual Studio Version 17
VisualStudioVersion = 17.5.002.0
MinimumVisualStudioVersion = 10.0.40219.1
Project("{9A19103F-16F7-4668-BE54-9A1E7A4F7556}") = "CustomerDomainService", "CustomerDomainService.csproj", "{62622A3D-9531-47F7-AF14-B2E11BCF701F}"
EndProject
Global
	GlobalSection(SolutionConfigurationPlatforms) = preSolution
		Debug|Any CPU = Debug|Any CPU
		Release|Any CPU = Release|Any CPU
	EndGlobalSection
	GlobalSection(ProjectConfigurationPlatforms) = postSolution
		{62622A3D-9531-47F7-AF14-B2E11BCF701F}.Debug|Any CPU.ActiveCfg = Debug|Any CPU
		{62622A3D-9531-47F7-AF14-B2E11BCF701F}.Debug|Any CPU.Build.0 = Debug|Any CPU
		{62622A3D-9531-47F7-AF14-B2E11BCF701F}.Release|Any CPU.ActiveCfg = Release|Any CPU
		{62622A3D-9531-47F7-AF14-B2E11BCF701F}.Release|Any CPU.Build.0 = Release|Any CPU
	EndGlobalSection
	GlobalSection(SolutionProperties) = preSolution
		HideSolutionNode = FALSE
	EndGlobalSection
	GlobalSection(ExtensibilityGlobals) = postSolution
		SolutionGuid = {1FF0752E-1D96-4377-AA32-5BAFD2647C9E}
	EndGlobalSection
EndGlobal
